<?xml version="1.0" encoding="utf-8"?>
<Project ToolsVersion="4.0" xmlns="http://schemas.microsoft.com/developer/msbuild/2003">
  <ItemGroup>
    <Filter Include="Source Files">
      <UniqueIdentifier>{1bdaf06b-42cb-432e-b056-3f9bbe8d66bb}</UniqueIdentifier>
      <Extensions>cpp;c;cxx;rc;def;r;odl;idl;hpj;bat</Extensions>
    </Filter>
    <Filter Include="Header Files">
      <UniqueIdentifier>{b279d567-323f-47d4-af64-90d76e053065}</UniqueIdentifier>
      <Extensions>h;hpp;hxx;hm;inl</Extensions>
    </Filter>
  </ItemGroup>
  <ItemGroup>
    <ClCompile Include="..\spjson\spjsoncodec.cpp">
      <Filter>Source Files</Filter>
    </ClCompile>
    <ClCompile Include="..\spjson\spjsondomparser.cpp">
      <Filter>Source Files</Filter>
    </ClCompile>
    <ClCompile Include="..\spjson\spjsonevent.cpp">
      <Filter>Source Files</Filter>
    </ClCompile>
    <ClCompile Include="..\spjson\spjsonhandle.cpp">
      <Filter>Source Files</Filter>
    </ClCompile>
    <ClCompile Include="..\spjson\spjsoniterator.cpp">
      <Filter>Source Files</Filter>
    </ClCompile>
    <ClCompile Include="..\spjson\spjsonnode.cpp">
      <Filter>Source Files</Filter>
    </ClCompile>
    <ClCompile Include="..\spjson\spjsonparser.cpp">
      <Filter>Source Files</Filter>
    </ClCompile>
    <ClCompile Include="..\spjson\spjsonreader.cpp">
      <Filter>Source Files</Filter>
    </ClCompile>
    <ClCompile Include="..\spjson\spjsonrpc.cpp">
      <Filter>Source Files</Filter>
    </ClCompile>
    <ClCompile Include="..\spjson\spjsonutils.cpp">
      <Filter>Source Files</Filter>
    </ClCompile>
    <ClCompile Include="..\spjson\sppbcodec.cpp">
      <Filter>Source Files</Filter>
    </ClCompile>
    <ClCompile Include="..\spjson\sppbfield.cpp">
      <Filter>Source Files</Filter>
    </ClCompile>
    <ClCompile Include="..\spjson\sppbrpc.cpp">
      <Filter>Source Files</Filter>
    </ClCompile>
    <ClCompile Include="..\spjson\sppbtree.cpp">
      <Filter>Source Files</Filter>
    </ClCompile>
    <ClCompile Include="..\spjson\testpbcomm.cpp">
      <Filter>Source Files</Filter>
    </ClCompile>
  </ItemGroup>
  <ItemGroup>
    <ClInclude Include="..\spjson\spjsoncodec.hpp">
      <Filter>Header Files</Filter>
    </ClInclude>
    <ClInclude Include="..\spjson\spjsondomparser.hpp">
      <Filter>Header Files</Filter>
    </ClInclude>
    <ClInclude Include="..\spjson\spjsonevent.hpp">
      <Filter>Header Files</Filter>
    </ClInclude>
    <ClInclude Include="..\spjson\spjsonhandle.hpp">
      <Filter>Header Files</Filter>
    </ClInclude>
    <ClInclude Include="..\spjson\spjsoniterator.hpp">
      <Filter>Header Files</Filter>
    </ClInclude>
    <ClInclude Include="..\spjson\spjsonnode.hpp">
      <Filter>Header Files</Filter>
    </ClInclude>
    <ClInclude Include="..\spjson\spjsonparser.hpp">
      <Filter>Header Files</Filter>
    </ClInclude>
    <ClInclude Include="..\spjson\spjsonport.hpp">
      <Filter>Header Files</Filter>
    </ClInclude>
    <ClInclude Include="..\spjson\spjsonreader.hpp">
      <Filter>Header Files</Filter>
    </ClInclude>
    <ClInclude Include="..\spjson\spjsonrpc.hpp">
      <Filter>Header Files</Filter>
    </ClInclude>
    <ClInclude Include="..\spjson\spjsonutils.hpp">
      <Filter>Header Files</Filter>
    </ClInclude>
    <ClInclude Include="..\spjson\sppbcodec.hpp">
      <Filter>Header Files</Filter>
    </ClInclude>
    <ClInclude Include="..\spjson\sppbfield.hpp">
      <Filter>Header Files</Filter>
    </ClInclude>
    <ClInclude Include="..\spjson\sppbrpc.hpp">
      <Filter>Header Files</Filter>
    </ClInclude>
    <ClInclude Include="..\spjson\sppbtree.hpp">
      <Filter>Header Files</Filter>
    </ClInclude>
    <ClInclude Include="..\spjson\testpbcomm.hpp">
      <Filter>Header Files</Filter>
    </ClInclude>
  </ItemGroup>
</Project>