<?xml version="1.0" encoding="utf-8"?>
<Project ToolsVersion="4.0" xmlns="http://schemas.microsoft.com/developer/msbuild/2003">
  <ItemGroup>
    <Filter Include="Source Files">
      <UniqueIdentifier>{19f459c3-88ed-4eca-9164-0d0630cbc356}</UniqueIdentifier>
      <Extensions>cpp;c;cxx;rc;def;r;odl;idl;hpj;bat</Extensions>
    </Filter>
    <Filter Include="Header Files">
      <UniqueIdentifier>{aeb4e2e7-e84b-4c5f-954f-3b4cbb07cdc1}</UniqueIdentifier>
      <Extensions>h;hpp;hxx;hm;inl</Extensions>
    </Filter>
  </ItemGroup>
  <ItemGroup>
    <ClCompile Include="..\spdatapickle\spdatapickle.cpp">
      <Filter>Source Files</Filter>
    </ClCompile>
    <ClCompile Include="..\spdatapickle\spdpalloc.cpp">
      <Filter>Source Files</Filter>
    </ClCompile>
    <ClCompile Include="..\spdatapickle\spdpbase64.cpp">
      <Filter>Source Files</Filter>
    </ClCompile>
    <ClCompile Include="..\spdatapickle\spdpmetainfo.cpp">
      <Filter>Source Files</Filter>
    </ClCompile>
    <ClCompile Include="..\spdatapickle\spdpmetautils.cpp">
      <Filter>Source Files</Filter>
    </ClCompile>
    <ClCompile Include="..\spdatapickle\spjsonpickle.cpp">
      <Filter>Source Files</Filter>
    </ClCompile>
    <ClCompile Include="..\spdatapickle\sppbpickle.cpp">
      <Filter>Source Files</Filter>
    </ClCompile>
    <ClCompile Include="..\spdatapickle\spxmlpickle.cpp">
      <Filter>Source Files</Filter>
    </ClCompile>
    <ClCompile Include="..\spdatapickle\spdpbuiltin.cpp">
      <Filter>Source Files</Filter>
    </ClCompile>
    <ClCompile Include="..\spdatapickle\spdpclasscode.cpp">
      <Filter>Source Files</Filter>
    </ClCompile>
    <ClCompile Include="..\spdatapickle\spdpcode.cpp">
      <Filter>Source Files</Filter>
    </ClCompile>
    <ClCompile Include="..\spdatapickle\spdpname.cpp">
      <Filter>Source Files</Filter>
    </ClCompile>
    <ClCompile Include="..\spdatapickle\spdpsyntax.cpp">
      <Filter>Source Files</Filter>
    </ClCompile>
    <ClCompile Include="..\spdatapickle\spdpxml.cpp">
      <Filter>Source Files</Filter>
    </ClCompile>
    <ClCompile Include="..\spdatapickle\spxml2struct.cpp">
      <Filter>Source Files</Filter>
    </ClCompile>
    <ClCompile Include="..\spdatapickle\spxmlrpcpickle.cpp">
      <Filter>Source Files</Filter>
    </ClCompile>
  </ItemGroup>
  <ItemGroup>
    <ClInclude Include="..\spdatapickle\spdatapickle.hpp">
      <Filter>Header Files</Filter>
    </ClInclude>
    <ClInclude Include="..\spdatapickle\spdpalloc.hpp">
      <Filter>Header Files</Filter>
    </ClInclude>
    <ClInclude Include="..\spdatapickle\spdpbase64.hpp">
      <Filter>Header Files</Filter>
    </ClInclude>
    <ClInclude Include="..\spdatapickle\spdpmetainfo.hpp">
      <Filter>Header Files</Filter>
    </ClInclude>
    <ClInclude Include="..\spdatapickle\spdpmetautils.hpp">
      <Filter>Header Files</Filter>
    </ClInclude>
    <ClInclude Include="..\spdatapickle\spjsonpickle.hpp">
      <Filter>Header Files</Filter>
    </ClInclude>
    <ClInclude Include="..\spdatapickle\sppbpickle.hpp">
      <Filter>Header Files</Filter>
    </ClInclude>
    <ClInclude Include="..\spdatapickle\spxmlpickle.hpp">
      <Filter>Header Files</Filter>
    </ClInclude>
  </ItemGroup>
</Project>