<?xml version="1.0" encoding="utf-8"?>
<Project ToolsVersion="4.0" xmlns="http://schemas.microsoft.com/developer/msbuild/2003">
  <ItemGroup>
    <Filter Include="Source Files">
      <UniqueIdentifier>{3ca51a7a-3589-493f-bbb8-2e1cfbd063fd}</UniqueIdentifier>
      <Extensions>cpp;c;cxx;rc;def;r;odl;idl;hpj;bat</Extensions>
    </Filter>
    <Filter Include="Header Files">
      <UniqueIdentifier>{8807c47a-972c-4710-b7d4-d4bde5044743}</UniqueIdentifier>
      <Extensions>h;hpp;hxx;hm;inl</Extensions>
    </Filter>
    <Filter Include="Resource Files">
      <UniqueIdentifier>{ac948ebf-ebab-4d79-b108-d2c583995c04}</UniqueIdentifier>
      <Extensions>ico;cur;bmp;dlg;rc2;rct;bin;rgs;gif;jpg;jpeg;jpe</Extensions>
    </Filter>
  </ItemGroup>
  <ItemGroup>
    <ClCompile Include="..\spdatapickle\spdpcode.cpp">
      <Filter>Source Files</Filter>
    </ClCompile>
    <ClCompile Include="..\spdatapickle\spdpname.cpp">
      <Filter>Source Files</Filter>
    </ClCompile>
    <ClCompile Include="..\spdatapickle\spdpsyntax.cpp">
      <Filter>Source Files</Filter>
    </ClCompile>
    <ClCompile Include="..\spdatapickle\spdpxml.cpp">
      <Filter>Source Files</Filter>
    </ClCompile>
    <ClCompile Include="..\spdatapickle\spxml2struct.cpp">
      <Filter>Source Files</Filter>
    </ClCompile>
  </ItemGroup>
  <ItemGroup>
    <ClInclude Include="..\spdatapickle\spdpcode.hpp">
      <Filter>Header Files</Filter>
    </ClInclude>
    <ClInclude Include="..\spdatapickle\spdpname.hpp">
      <Filter>Header Files</Filter>
    </ClInclude>
    <ClInclude Include="..\spdatapickle\spdpsyntax.hpp">
      <Filter>Header Files</Filter>
    </ClInclude>
    <ClInclude Include="..\spdatapickle\spdpxml.hpp">
      <Filter>Header Files</Filter>
    </ClInclude>
  </ItemGroup>
</Project>