<?xml version="1.0" encoding="utf-8"?>
<Project ToolsVersion="4.0" xmlns="http://schemas.microsoft.com/developer/msbuild/2003">
  <ItemGroup>
    <Filter Include="Source Files">
      <UniqueIdentifier>{a39572e4-24cd-4151-bff2-1e27df028071}</UniqueIdentifier>
      <Extensions>cpp;c;cxx;rc;def;r;odl;idl;hpj;bat</Extensions>
    </Filter>
    <Filter Include="Resource Files">
      <UniqueIdentifier>{d653e8b6-0236-4d41-9c1b-dd6602dfdfb0}</UniqueIdentifier>
      <Extensions>ico;cur;bmp;dlg;rc2;rct;bin;rgs;gif;jpg;jpeg;jpe</Extensions>
    </Filter>
    <Filter Include="Header Files">
      <UniqueIdentifier>{b46f927b-cd5d-48a4-adec-b64290d6eaf1}</UniqueIdentifier>
      <Extensions>h;hpp;hxx;hm;inl</Extensions>
    </Filter>
  </ItemGroup>
  <ItemGroup>
    <ClCompile Include="..\spdatapickle\testaddrbook.cpp">
      <Filter>Source Files</Filter>
    </ClCompile>
    <ClCompile Include="..\spdatapickle\dp_xyzaddrbookstruct.cpp">
      <Filter>Source Files</Filter>
    </ClCompile>
  </ItemGroup>
  <ItemGroup>
    <CustomBuild Include="..\spdatapickle\addrbook.xml">
      <Filter>Source Files</Filter>
    </CustomBuild>
  </ItemGroup>
</Project>