<?xml version="1.0" encoding="utf-8"?>
<Project ToolsVersion="4.0" xmlns="http://schemas.microsoft.com/developer/msbuild/2003">
  <ItemGroup>
    <Filter Include="Source Files">
      <UniqueIdentifier>{7f4612b1-1966-4052-bac2-83fe56c05d84}</UniqueIdentifier>
      <Extensions>cpp;c;cxx;rc;def;r;odl;idl;hpj;bat</Extensions>
    </Filter>
    <Filter Include="Header Files">
      <UniqueIdentifier>{ec1e76b2-b148-4f24-8455-de66b20738e1}</UniqueIdentifier>
      <Extensions>h;hpp;hxx;hm;inl</Extensions>
    </Filter>
  </ItemGroup>
  <ItemGroup>
    <ClCompile Include="..\spcanonxml.cpp">
      <Filter>Source Files</Filter>
    </ClCompile>
    <ClCompile Include="..\spdomiterator.cpp">
      <Filter>Source Files</Filter>
    </ClCompile>
    <ClCompile Include="..\spdomparser.cpp">
      <Filter>Source Files</Filter>
    </ClCompile>
    <ClCompile Include="..\spxmlcodec.cpp">
      <Filter>Source Files</Filter>
    </ClCompile>
    <ClCompile Include="..\spxmlevent.cpp">
      <Filter>Source Files</Filter>
    </ClCompile>
    <ClCompile Include="..\spxmlhandle.cpp">
      <Filter>Source Files</Filter>
    </ClCompile>
    <ClCompile Include="..\spxmlnode.cpp">
      <Filter>Source Files</Filter>
    </ClCompile>
    <ClCompile Include="..\spxmlparser.cpp">
      <Filter>Source Files</Filter>
    </ClCompile>
    <ClCompile Include="..\spxmlreader.cpp">
      <Filter>Source Files</Filter>
    </ClCompile>
    <ClCompile Include="..\spxmlstag.cpp">
      <Filter>Source Files</Filter>
    </ClCompile>
    <ClCompile Include="..\spxmlutils.cpp">
      <Filter>Source Files</Filter>
    </ClCompile>
  </ItemGroup>
  <ItemGroup>
    <ClInclude Include="..\spcanonxml.hpp">
      <Filter>Header Files</Filter>
    </ClInclude>
    <ClInclude Include="..\spdomiterator.hpp">
      <Filter>Header Files</Filter>
    </ClInclude>
    <ClInclude Include="..\spdomparser.hpp">
      <Filter>Header Files</Filter>
    </ClInclude>
    <ClInclude Include="..\spxmlcodec.hpp">
      <Filter>Header Files</Filter>
    </ClInclude>
    <ClInclude Include="..\spxmlevent.hpp">
      <Filter>Header Files</Filter>
    </ClInclude>
    <ClInclude Include="..\spxmlhandle.hpp">
      <Filter>Header Files</Filter>
    </ClInclude>
    <ClInclude Include="..\spxmlnode.hpp">
      <Filter>Header Files</Filter>
    </ClInclude>
    <ClInclude Include="..\spxmlparser.hpp">
      <Filter>Header Files</Filter>
    </ClInclude>
    <ClInclude Include="..\spxmlreader.hpp">
      <Filter>Header Files</Filter>
    </ClInclude>
    <ClInclude Include="..\spxmlstag.hpp">
      <Filter>Header Files</Filter>
    </ClInclude>
    <ClInclude Include="..\spxmlutils.hpp">
      <Filter>Header Files</Filter>
    </ClInclude>
  </ItemGroup>
</Project>